
Microsoft Visual Studio Solution File, Format Version 12.00
# Visual Studio Version 17
VisualStudioVersion = 17.6.33829.357
MinimumVisualStudioVersion = 10.0.40219.1
Project("{FAE04EC0-301F-11D3-BF4B-00C04F79EFBC}") = "Employee", "Employee\Employee.csproj", "{99EA6461-7F0F-4B6C-AC35-5B87A76C6CCF}"
EndProject
Global
	GlobalSection(SolutionConfigurationPlatforms) = preSolution
		Debug|Any CPU = Debug|Any CPU
		Release|Any CPU = Release|Any CPU
	EndGlobalSection
	GlobalSection(ProjectConfigurationPlatforms) = postSolution
		{99EA6461-7F0F-4B6C-AC35-5B87A76C6CCF}.Debug|Any CPU.ActiveCfg = Debug|Any CPU
		{99EA6461-7F0F-4B6C-AC35-5B87A76C6CCF}.Debug|Any CPU.Build.0 = Debug|Any CPU
		{99EA6461-7F0F-4B6C-AC35-5B87A76C6CCF}.Release|Any CPU.ActiveCfg = Release|Any CPU
		{99EA6461-7F0F-4B6C-AC35-5B87A76C6CCF}.Release|Any CPU.Build.0 = Release|Any CPU
	EndGlobalSection
	GlobalSection(SolutionProperties) = preSolution
		HideSolutionNode = FALSE
	EndGlobalSection
	GlobalSection(ExtensibilityGlobals) = postSolution
		SolutionGuid = {DF46C94B-6CB0-48F5-B8EB-66256886F5CC}
	EndGlobalSection
EndGlobal
